// !$*UTF8*$!
{
	archiveVersion = 1;
	classes = {
	};
	objectVersion = 55;
	objects = {

/* Begin PBXBuildFile section */
		5C000AD5BC8E4956E28154E0 /* Pods_ParstagramTests.framework in Frameworks */ = {isa = PBXBuildFile; fileRef = A3C1D8ECAC2EAAEB0D907F72 /* Pods_ParstagramTests.framework */; };
		8D2F3E9C27EE750D0050B5C8 /* AppDelegate.swift in Sources */ = {isa = PBXBuildFile; fileRef = 8D2F3E9B27EE750D0050B5C8 /* AppDelegate.swift */; };
		8D2F3E9E27EE750D0050B5C8 /* SceneDelegate.swift in Sources */ = {isa = PBXBuildFile; fileRef = 8D2F3E9D27EE750D0050B5C8 /* SceneDelegate.swift */; };
		8D2F3EA327EE750D0050B5C8 /* Main.storyboard in Resources */ = {isa = PBXBuildFile; fileRef = 8D2F3EA127EE750D0050B5C8 /* Main.storyboard */; };
		8D2F3EA527EE750F0050B5C8 /* Assets.xcassets in Resources */ = {isa = PBXBuildFile; fileRef = 8D2F3EA427EE750F0050B5C8 /* Assets.xcassets */; };
		8D2F3EA827EE750F0050B5C8 /* LaunchScreen.storyboard in Resources */ = {isa = PBXBuildFile; fileRef = 8D2F3EA627EE750F0050B5C8 /* LaunchScreen.storyboard */; };
		8D2F3EB327EE75100050B5C8 /* ParstagramTests.swift in Sources */ = {isa = PBXBuildFile; fileRef = 8D2F3EB227EE75100050B5C8 /* ParstagramTests.swift */; };
		8D2F3EBD27EE75100050B5C8 /* ParstagramUITests.swift in Sources */ = {isa = PBXBuildFile; fileRef = 8D2F3EBC27EE75100050B5C8 /* ParstagramUITests.swift */; };
		8D2F3EBF27EE75100050B5C8 /* ParstagramUITestsLaunchTests.swift in Sources */ = {isa = PBXBuildFile; fileRef = 8D2F3EBE27EE75100050B5C8 /* ParstagramUITestsLaunchTests.swift */; };
		8D2F3ECC27EE87230050B5C8 /* LoginViewController.swift in Sources */ = {isa = PBXBuildFile; fileRef = 8D2F3ECB27EE87230050B5C8 /* LoginViewController.swift */; };
		8D2F3ECE27EE872E0050B5C8 /* FeedViewController.swift in Sources */ = {isa = PBXBuildFile; fileRef = 8D2F3ECD27EE872E0050B5C8 /* FeedViewController.swift */; };
		8D2F3ED027EE9D250050B5C8 /* CameraViewController.swift in Sources */ = {isa = PBXBuildFile; fileRef = 8D2F3ECF27EE9D250050B5C8 /* CameraViewController.swift */; };
		8D2F3ED227F1530A0050B5C8 /* PostCell.swift in Sources */ = {isa = PBXBuildFile; fileRef = 8D2F3ED127F1530A0050B5C8 /* PostCell.swift */; };
		8DB8479D27F50D9300320810 /* CommentCell.swift in Sources */ = {isa = PBXBuildFile; fileRef = 8DB8479C27F50D9300320810 /* CommentCell.swift */; };
		C2CDB52BA8F58D8535C47182 /* Pods_Parstagram.framework in Frameworks */ = {isa = PBXBuildFile; fileRef = AED471A8B18D3DFCB2FC6FB4 /* Pods_Parstagram.framework */; };
		E9B84C4BC964E89E86698C42 /* Pods_Parstagram_ParstagramUITests.framework in Frameworks */ = {isa = PBXBuildFile; fileRef = 27E77C8938225B3C47A6EEE7 /* Pods_Parstagram_ParstagramUITests.framework */; };
/* End PBXBuildFile section */

/* Begin PBXContainerItemProxy section */
		8D2F3EAF27EE75100050B5C8 /* PBXContainerItemProxy */ = {
			isa = PBXContainerItemProxy;
			containerPortal = 8D2F3E9027EE750D0050B5C8 /* Project object */;
			proxyType = 1;
			remoteGlobalIDString = 8D2F3E9727EE750D0050B5C8;
			remoteInfo = Parstagram;
		};
		8D2F3EB927EE75100050B5C8 /* PBXContainerItemProxy */ = {
			isa = PBXContainerItemProxy;
			containerPortal = 8D2F3E9027EE750D0050B5C8 /* Project object */;
			proxyType = 1;
			remoteGlobalIDString = 8D2F3E9727EE750D0050B5C8;
			remoteInfo = Parstagram;
		};
/* End PBXContainerItemProxy section */

/* Begin PBXFileReference section */
		27E77C8938225B3C47A6EEE7 /* Pods_Parstagram_ParstagramUITests.framework */ = {isa = PBXFileReference; explicitFileType = wrapper.framework; includeInIndex = 0; path = Pods_Parstagram_ParstagramUITests.framework; sourceTree = BUILT_PRODUCTS_DIR; };
		3D7C3DFC36766D3186365A2A /* Pods-Parstagram-ParstagramUITests.release.xcconfig */ = {isa = PBXFileReference; includeInIndex = 1; lastKnownFileType = text.xcconfig; name = "Pods-Parstagram-ParstagramUITests.release.xcconfig"; path = "Target Support Files/Pods-Parstagram-ParstagramUITests/Pods-Parstagram-ParstagramUITests.release.xcconfig"; sourceTree = "<group>"; };
		44952C2E64A6347FA738B763 /* Pods-Parstagram-ParstagramUITests.debug.xcconfig */ = {isa = PBXFileReference; includeInIndex = 1; lastKnownFileType = text.xcconfig; name = "Pods-Parstagram-ParstagramUITests.debug.xcconfig"; path = "Target Support Files/Pods-Parstagram-ParstagramUITests/Pods-Parstagram-ParstagramUITests.debug.xcconfig"; sourceTree = "<group>"; };
		461C7F65690131BB4BB88157 /* Pods-Parstagram.release.xcconfig */ = {isa = PBXFileReference; includeInIndex = 1; lastKnownFileType = text.xcconfig; name = "Pods-Parstagram.release.xcconfig"; path = "Target Support Files/Pods-Parstagram/Pods-Parstagram.release.xcconfig"; sourceTree = "<group>"; };
		8D2F3E9827EE750D0050B5C8 /* Parstagram.app */ = {isa = PBXFileReference; explicitFileType = wrapper.application; includeInIndex = 0; path = Parstagram.app; sourceTree = BUILT_PRODUCTS_DIR; };
		8D2F3E9B27EE750D0050B5C8 /* AppDelegate.swift */ = {isa = PBXFileReference; lastKnownFileType = sourcecode.swift; path = AppDelegate.swift; sourceTree = "<group>"; };
		8D2F3E9D27EE750D0050B5C8 /* SceneDelegate.swift */ = {isa = PBXFileReference; lastKnownFileType = sourcecode.swift; path = SceneDelegate.swift; sourceTree = "<group>"; };
		8D2F3EA227EE750D0050B5C8 /* Base */ = {isa = PBXFileReference; lastKnownFileType = file.storyboard; name = Base; path = Base.lproj/Main.storyboard; sourceTree = "<group>"; };
		8D2F3EA427EE750F0050B5C8 /* Assets.xcassets */ = {isa = PBXFileReference; lastKnownFileType = folder.assetcatalog; path = Assets.xcassets; sourceTree = "<group>"; };
		8D2F3EA727EE750F0050B5C8 /* Base */ = {isa = PBXFileReference; lastKnownFileType = file.storyboard; name = Base; path = Base.lproj/LaunchScreen.storyboard; sourceTree = "<group>"; };
		8D2F3EA927EE750F0050B5C8 /* Info.plist */ = {isa = PBXFileReference; lastKnownFileType = text.plist.xml; path = Info.plist; sourceTree = "<group>"; };
		8D2F3EAE27EE75100050B5C8 /* ParstagramTests.xctest */ = {isa = PBXFileReference; explicitFileType = wrapper.cfbundle; includeInIndex = 0; path = ParstagramTests.xctest; sourceTree = BUILT_PRODUCTS_DIR; };
		8D2F3EB227EE75100050B5C8 /* ParstagramTests.swift */ = {isa = PBXFileReference; lastKnownFileType = sourcecode.swift; path = ParstagramTests.swift; sourceTree = "<group>"; };
		8D2F3EB827EE75100050B5C8 /* ParstagramUITests.xctest */ = {isa = PBXFileReference; explicitFileType = wrapper.cfbundle; includeInIndex = 0; path = ParstagramUITests.xctest; sourceTree = BUILT_PRODUCTS_DIR; };
		8D2F3EBC27EE75100050B5C8 /* ParstagramUITests.swift */ = {isa = PBXFileReference; lastKnownFileType = sourcecode.swift; path = ParstagramUITests.swift; sourceTree = "<group>"; };
		8D2F3EBE27EE75100050B5C8 /* ParstagramUITestsLaunchTests.swift */ = {isa = PBXFileReference; lastKnownFileType = sourcecode.swift; path = ParstagramUITestsLaunchTests.swift; sourceTree = "<group>"; };
		8D2F3ECB27EE87230050B5C8 /* LoginViewController.swift */ = {isa = PBXFileReference; lastKnownFileType = sourcecode.swift; path = LoginViewController.swift; sourceTree = "<group>"; };
		8D2F3ECD27EE872E0050B5C8 /* FeedViewController.swift */ = {isa = PBXFileReference; lastKnownFileType = sourcecode.swift; path = FeedViewController.swift; sourceTree = "<group>"; };
		8D2F3ECF27EE9D250050B5C8 /* CameraViewController.swift */ = {isa = PBXFileReference; lastKnownFileType = sourcecode.swift; path = CameraViewController.swift; sourceTree = "<group>"; };
		8D2F3ED127F1530A0050B5C8 /* PostCell.swift */ = {isa = PBXFileReference; lastKnownFileType = sourcecode.swift; path = PostCell.swift; sourceTree = "<group>"; };
		8DB8479C27F50D9300320810 /* CommentCell.swift */ = {isa = PBXFileReference; lastKnownFileType = sourcecode.swift; path = CommentCell.swift; sourceTree = "<group>"; };
		A3C1D8ECAC2EAAEB0D907F72 /* Pods_ParstagramTests.framework */ = {isa = PBXFileReference; explicitFileType = wrapper.framework; includeInIndex = 0; path = Pods_ParstagramTests.framework; sourceTree = BUILT_PRODUCTS_DIR; };
		AED471A8B18D3DFCB2FC6FB4 /* Pods_Parstagram.framework */ = {isa = PBXFileReference; explicitFileType = wrapper.framework; includeInIndex = 0; path = Pods_Parstagram.framework; sourceTree = BUILT_PRODUCTS_DIR; };
		D9247C937879A64B5BF9ADE5 /* Pods-Parstagram.debug.xcconfig */ = {isa = PBXFileReference; includeInIndex = 1; lastKnownFileType = text.xcconfig; name = "Pods-Parstagram.debug.xcconfig"; path = "Target Support Files/Pods-Parstagram/Pods-Parstagram.debug.xcconfig"; sourceTree = "<group>"; };
		EFA3CE38533414FAC8886EDA /* Pods-ParstagramTests.release.xcconfig */ = {isa = PBXFileReference; includeInIndex = 1; lastKnownFileType = text.xcconfig; name = "Pods-ParstagramTests.release.xcconfig"; path = "Target Support Files/Pods-ParstagramTests/Pods-ParstagramTests.release.xcconfig"; sourceTree = "<group>"; };
		FF6ED44925C15D93606E3E16 /* Pods-ParstagramTests.debug.xcconfig */ = {isa = PBXFileReference; includeInIndex = 1; lastKnownFileType = text.xcconfig; name = "Pods-ParstagramTests.debug.xcconfig"; path = "Target Support Files/Pods-ParstagramTests/Pods-ParstagramTests.debug.xcconfig"; sourceTree = "<group>"; };
/* End PBXFileReference section */

/* Begin PBXFrameworksBuildPhase section */
		8D2F3E9527EE750D0050B5C8 /* Frameworks */ = {
			isa = PBXFrameworksBuildPhase;
			buildActionMask = 2147483647;
			files = (
				C2CDB52BA8F58D8535C47182 /* Pods_Parstagram.framework in Frameworks */,
			);
			runOnlyForDeploymentPostprocessing = 0;
		};
		8D2F3EAB27EE75100050B5C8 /* Frameworks */ = {
			isa = PBXFrameworksBuildPhase;
			buildActionMask = 2147483647;
			files = (
				5C000AD5BC8E4956E28154E0 /* Pods_ParstagramTests.framework in Frameworks */,
			);
			runOnlyForDeploymentPostprocessing = 0;
		};
		8D2F3EB527EE75100050B5C8 /* Frameworks */ = {
			isa = PBXFrameworksBuildPhase;
			buildActionMask = 2147483647;
			files = (
				E9B84C4BC964E89E86698C42 /* Pods_Parstagram_ParstagramUITests.framework in Frameworks */,
			);
			runOnlyForDeploymentPostprocessing = 0;
		};
/* End PBXFrameworksBuildPhase section */

/* Begin PBXGroup section */
		16967A4B2497956523FC1786 /* Pods */ = {
			isa = PBXGroup;
			children = (
				D9247C937879A64B5BF9ADE5 /* Pods-Parstagram.debug.xcconfig */,
				461C7F65690131BB4BB88157 /* Pods-Parstagram.release.xcconfig */,
				44952C2E64A6347FA738B763 /* Pods-Parstagram-ParstagramUITests.debug.xcconfig */,
				3D7C3DFC36766D3186365A2A /* Pods-Parstagram-ParstagramUITests.release.xcconfig */,
				FF6ED44925C15D93606E3E16 /* Pods-ParstagramTests.debug.xcconfig */,
				EFA3CE38533414FAC8886EDA /* Pods-ParstagramTests.release.xcconfig */,
			);
			path = Pods;
			sourceTree = "<group>";
		};
		281C4F87564EF7F5A6B5C755 /* Frameworks */ = {
			isa = PBXGroup;
			children = (
				AED471A8B18D3DFCB2FC6FB4 /* Pods_Parstagram.framework */,
				27E77C8938225B3C47A6EEE7 /* Pods_Parstagram_ParstagramUITests.framework */,
				A3C1D8ECAC2EAAEB0D907F72 /* Pods_ParstagramTests.framework */,
			);
			name = Frameworks;
			sourceTree = "<group>";
		};
		8D2F3E8F27EE750D0050B5C8 = {
			isa = PBXGroup;
			children = (
				8D2F3E9A27EE750D0050B5C8 /* Parstagram */,
				8D2F3EB127EE75100050B5C8 /* ParstagramTests */,
				8D2F3EBB27EE75100050B5C8 /* ParstagramUITests */,
				8D2F3E9927EE750D0050B5C8 /* Products */,
				16967A4B2497956523FC1786 /* Pods */,
				281C4F87564EF7F5A6B5C755 /* Frameworks */,
			);
			sourceTree = "<group>";
		};
		8D2F3E9927EE750D0050B5C8 /* Products */ = {
			isa = PBXGroup;
			children = (
				8D2F3E9827EE750D0050B5C8 /* Parstagram.app */,
				8D2F3EAE27EE75100050B5C8 /* ParstagramTests.xctest */,
				8D2F3EB827EE75100050B5C8 /* ParstagramUITests.xctest */,
			);
			name = Products;
			sourceTree = "<group>";
		};
		8D2F3E9A27EE750D0050B5C8 /* Parstagram */ = {
			isa = PBXGroup;
			children = (
				8D2F3E9B27EE750D0050B5C8 /* AppDelegate.swift */,
				8D2F3E9D27EE750D0050B5C8 /* SceneDelegate.swift */,
				8D2F3EA127EE750D0050B5C8 /* Main.storyboard */,
				8D2F3EA427EE750F0050B5C8 /* Assets.xcassets */,
				8D2F3EA627EE750F0050B5C8 /* LaunchScreen.storyboard */,
				8D2F3EA927EE750F0050B5C8 /* Info.plist */,
				8D2F3ECB27EE87230050B5C8 /* LoginViewController.swift */,
				8D2F3ECD27EE872E0050B5C8 /* FeedViewController.swift */,
				8D2F3ECF27EE9D250050B5C8 /* CameraViewController.swift */,
				8D2F3ED127F1530A0050B5C8 /* PostCell.swift */,
				8DB8479C27F50D9300320810 /* CommentCell.swift */,
			);
			path = Parstagram;
			sourceTree = "<group>";
		};
		8D2F3EB127EE75100050B5C8 /* ParstagramTests */ = {
			isa = PBXGroup;
			children = (
				8D2F3EB227EE75100050B5C8 /* ParstagramTests.swift */,
			);
			path = ParstagramTests;
			sourceTree = "<group>";
		};
		8D2F3EBB27EE75100050B5C8 /* ParstagramUITests */ = {
			isa = PBXGroup;
			children = (
				8D2F3EBC27EE75100050B5C8 /* ParstagramUITests.swift */,
				8D2F3EBE27EE75100050B5C8 /* ParstagramUITestsLaunchTests.swift */,
			);
			path = ParstagramUITests;
			sourceTree = "<group>";
		};
/* End PBXGroup section */

/* Begin PBXNativeTarget section */
		8D2F3E9727EE750D0050B5C8 /* Parstagram */ = {
			isa = PBXNativeTarget;
			buildConfigurationList = 8D2F3EC227EE75100050B5C8 /* Build configuration list for PBXNativeTarget "Parstagram" */;
			buildPhases = (
				C9F1EA6552977B1067D0459D /* [CP] Check Pods Manifest.lock */,
				8D2F3E9427EE750D0050B5C8 /* Sources */,
				8D2F3E9527EE750D0050B5C8 /* Frameworks */,
				8D2F3E9627EE750D0050B5C8 /* Resources */,
				4E958BF63E549C6EB89DE5A8 /* [CP] Embed Pods Frameworks */,
			);
			buildRules = (
			);
			dependencies = (
			);
			name = Parstagram;
			productName = Parstagram;
			productReference = 8D2F3E9827EE750D0050B5C8 /* Parstagram.app */;
			productType = "com.apple.product-type.application";
		};
		8D2F3EAD27EE75100050B5C8 /* ParstagramTests */ = {
			isa = PBXNativeTarget;
			buildConfigurationList = 8D2F3EC527EE75100050B5C8 /* Build configuration list for PBXNativeTarget "ParstagramTests" */;
			buildPhases = (
				4CC3F47DF9AC52D9C14D1DEB /* [CP] Check Pods Manifest.lock */,
				8D2F3EAA27EE75100050B5C8 /* Sources */,
				8D2F3EAB27EE75100050B5C8 /* Frameworks */,
				8D2F3EAC27EE75100050B5C8 /* Resources */,
			);
			buildRules = (
			);
			dependencies = (
				8D2F3EB027EE75100050B5C8 /* PBXTargetDependency */,
			);
			name = ParstagramTests;
			productName = ParstagramTests;
			productReference = 8D2F3EAE27EE75100050B5C8 /* ParstagramTests.xctest */;
			productType = "com.apple.product-type.bundle.unit-test";
		};
		8D2F3EB727EE75100050B5C8 /* ParstagramUITests */ = {
			isa = PBXNativeTarget;
			buildConfigurationList = 8D2F3EC827EE75100050B5C8 /* Build configuration list for PBXNativeTarget "ParstagramUITests" */;
			buildPhases = (
				D059B543FEA1B47135480C66 /* [CP] Check Pods Manifest.lock */,
				8D2F3EB427EE75100050B5C8 /* Sources */,
				8D2F3EB527EE75100050B5C8 /* Frameworks */,
				8D2F3EB627EE75100050B5C8 /* Resources */,
				C36156E71D46CD50904D1ADF /* [CP] Embed Pods Frameworks */,
			);
			buildRules = (
			);
			dependencies = (
				8D2F3EBA27EE75100050B5C8 /* PBXTargetDependency */,
			);
			name = ParstagramUITests;
			productName = ParstagramUITests;
			productReference = 8D2F3EB827EE75100050B5C8 /* ParstagramUITests.xctest */;
			productType = "com.apple.product-type.bundle.ui-testing";
		};
/* End PBXNativeTarget section */

/* Begin PBXProject section */
		8D2F3E9027EE750D0050B5C8 /* Project object */ = {
			isa = PBXProject;
			attributes = {
				BuildIndependentTargetsInParallel = 1;
				LastSwiftUpdateCheck = 1320;
				LastUpgradeCheck = 1320;
				TargetAttributes = {
					8D2F3E9727EE750D0050B5C8 = {
						CreatedOnToolsVersion = 13.2.1;
					};
					8D2F3EAD27EE75100050B5C8 = {
						CreatedOnToolsVersion = 13.2.1;
						TestTargetID = 8D2F3E9727EE750D0050B5C8;
					};
					8D2F3EB727EE75100050B5C8 = {
						CreatedOnToolsVersion = 13.2.1;
						TestTargetID = 8D2F3E9727EE750D0050B5C8;
					};
				};
			};
			buildConfigurationList = 8D2F3E9327EE750D0050B5C8 /* Build configuration list for PBXProject "Parstagram" */;
			compatibilityVersion = "Xcode 13.0";
			developmentRegion = en;
			hasScannedForEncodings = 0;
			knownRegions = (
				en,
				Base,
			);
			mainGroup = 8D2F3E8F27EE750D0050B5C8;
			productRefGroup = 8D2F3E9927EE750D0050B5C8 /* Products */;
			projectDirPath = "";
			projectRoot = "";
			targets = (
				8D2F3E9727EE750D0050B5C8 /* Parstagram */,
				8D2F3EAD27EE75100050B5C8 /* ParstagramTests */,
				8D2F3EB727EE75100050B5C8 /* ParstagramUITests */,
			);
		};
/* End PBXProject section */

/* Begin PBXResourcesBuildPhase section */
		8D2F3E9627EE750D0050B5C8 /* Resources */ = {
			isa = PBXResourcesBuildPhase;
			buildActionMask = 2147483647;
			files = (
				8D2F3EA827EE750F0050B5C8 /* LaunchScreen.storyboard in Resources */,
				8D2F3EA527EE750F0050B5C8 /* Assets.xcassets in Resources */,
				8D2F3EA327EE750D0050B5C8 /* Main.storyboard in Resources */,
			);
			runOnlyForDeploymentPostprocessing = 0;
		};
		8D2F3EAC27EE75100050B5C8 /* Resources */ = {
			isa = PBXResourcesBuildPhase;
			buildActionMask = 2147483647;
			files = (
			);
			runOnlyForDeploymentPostprocessing = 0;
		};
		8D2F3EB627EE75100050B5C8 /* Resources */ = {
			isa = PBXResourcesBuildPhase;
			buildActionMask = 2147483647;
			files = (
			);
			runOnlyForDeploymentPostprocessing = 0;
		};
/* End PBXResourcesBuildPhase section */

/* Begin PBXShellScriptBuildPhase section */
		4CC3F47DF9AC52D9C14D1DEB /* [CP] Check Pods Manifest.lock */ = {
			isa = PBXShellScriptBuildPhase;
			buildActionMask = 2147483647;
			files = (
			);
			inputFileListPaths = (
			);
			inputPaths = (
				"${PODS_PODFILE_DIR_PATH}/Podfile.lock",
				"${PODS_ROOT}/Manifest.lock",
			);
			name = "[CP] Check Pods Manifest.lock";
			outputFileListPaths = (
			);
			outputPaths = (
				"$(DERIVED_FILE_DIR)/Pods-ParstagramTests-checkManifestLockResult.txt",
			);
			runOnlyForDeploymentPostprocessing = 0;
			shellPath = /bin/sh;
			shellScript = "diff \"${PODS_PODFILE_DIR_PATH}/Podfile.lock\" \"${PODS_ROOT}/Manifest.lock\" > /dev/null\nif [ $? != 0 ] ; then\n    # print error to STDERR\n    echo \"error: The sandbox is not in sync with the Podfile.lock. Run 'pod install' or update your CocoaPods installation.\" >&2\n    exit 1\nfi\n# This output is used by Xcode 'outputs' to avoid re-running this script phase.\necho \"SUCCESS\" > \"${SCRIPT_OUTPUT_FILE_0}\"\n";
			showEnvVarsInLog = 0;
		};
		4E958BF63E549C6EB89DE5A8 /* [CP] Embed Pods Frameworks */ = {
			isa = PBXShellScriptBuildPhase;
			buildActionMask = 2147483647;
			files = (
			);
			inputFileListPaths = (
				"${PODS_ROOT}/Target Support Files/Pods-Parstagram/Pods-Parstagram-frameworks-${CONFIGURATION}-input-files.xcfilelist",
			);
			name = "[CP] Embed Pods Frameworks";
			outputFileListPaths = (
				"${PODS_ROOT}/Target Support Files/Pods-Parstagram/Pods-Parstagram-frameworks-${CONFIGURATION}-output-files.xcfilelist",
			);
			runOnlyForDeploymentPostprocessing = 0;
			shellPath = /bin/sh;
			shellScript = "\"${PODS_ROOT}/Target Support Files/Pods-Parstagram/Pods-Parstagram-frameworks.sh\"\n";
			showEnvVarsInLog = 0;
		};
		C36156E71D46CD50904D1ADF /* [CP] Embed Pods Frameworks */ = {
			isa = PBXShellScriptBuildPhase;
			buildActionMask = 2147483647;
			files = (
			);
			inputFileListPaths = (
				"${PODS_ROOT}/Target Support Files/Pods-Parstagram-ParstagramUITests/Pods-Parstagram-ParstagramUITests-frameworks-${CONFIGURATION}-input-files.xcfilelist",
			);
			name = "[CP] Embed Pods Frameworks";
			outputFileListPaths = (
				"${PODS_ROOT}/Target Support Files/Pods-Parstagram-ParstagramUITests/Pods-Parstagram-ParstagramUITests-frameworks-${CONFIGURATION}-output-files.xcfilelist",
			);
			runOnlyForDeploymentPostprocessing = 0;
			shellPath = /bin/sh;
			shellScript = "\"${PODS_ROOT}/Target Support Files/Pods-Parstagram-ParstagramUITests/Pods-Parstagram-ParstagramUITests-frameworks.sh\"\n";
			showEnvVarsInLog = 0;
		};
		C9F1EA6552977B1067D0459D /* [CP] Check Pods Manifest.lock */ = {
			isa = PBXShellScriptBuildPhase;
			buildActionMask = 2147483647;
			files = (
			);
			inputFileListPaths = (
			);
			inputPaths = (
				"${PODS_PODFILE_DIR_PATH}/Podfile.lock",
				"${PODS_ROOT}/Manifest.lock",
			);
			name = "[CP] Check Pods Manifest.lock";
			outputFileListPaths = (
			);
			outputPaths = (
				"$(DERIVED_FILE_DIR)/Pods-Parstagram-checkManifestLockResult.txt",
			);
			runOnlyForDeploymentPostprocessing = 0;
			shellPath = /bin/sh;
			shellScript = "diff \"${PODS_PODFILE_DIR_PATH}/Podfile.lock\" \"${PODS_ROOT}/Manifest.lock\" > /dev/null\nif [ $? != 0 ] ; then\n    # print error to STDERR\n    echo \"error: The sandbox is not in sync with the Podfile.lock. Run 'pod install' or update your CocoaPods installation.\" >&2\n    exit 1\nfi\n# This output is used by Xcode 'outputs' to avoid re-running this script phase.\necho \"SUCCESS\" > \"${SCRIPT_OUTPUT_FILE_0}\"\n";
			showEnvVarsInLog = 0;
		};
		D059B543FEA1B47135480C66 /* [CP] Check Pods Manifest.lock */ = {
			isa = PBXShellScriptBuildPhase;
			buildActionMask = 2147483647;
			files = (
			);
			inputFileListPaths = (
			);
			inputPaths = (
				"${PODS_PODFILE_DIR_PATH}/Podfile.lock",
				"${PODS_ROOT}/Manifest.lock",
			);
			name = "[CP] Check Pods Manifest.lock";
			outputFileListPaths = (
			);
			outputPaths = (
				"$(DERIVED_FILE_DIR)/Pods-Parstagram-ParstagramUITests-checkManifestLockResult.txt",
			);
			runOnlyForDeploymentPostprocessing = 0;
			shellPath = /bin/sh;
			shellScript = "diff \"${PODS_PODFILE_DIR_PATH}/Podfile.lock\" \"${PODS_ROOT}/Manifest.lock\" > /dev/null\nif [ $? != 0 ] ; then\n    # print error to STDERR\n    echo \"error: The sandbox is not in sync with the Podfile.lock. Run 'pod install' or update your CocoaPods installation.\" >&2\n    exit 1\nfi\n# This output is used by Xcode 'outputs' to avoid re-running this script phase.\necho \"SUCCESS\" > \"${SCRIPT_OUTPUT_FILE_0}\"\n";
			showEnvVarsInLog = 0;
		};
/* End PBXShellScriptBuildPhase section */

/* Begin PBXSourcesBuildPhase section */
		8D2F3E9427EE750D0050B5C8 /* Sources */ = {
			isa = PBXSourcesBuildPhase;
			buildActionMask = 2147483647;
			files = (
				8D2F3ECC27EE87230050B5C8 /* LoginViewController.swift in Sources */,
				8D2F3ED027EE9D250050B5C8 /* CameraViewController.swift in Sources */,
				8D2F3E9C27EE750D0050B5C8 /* AppDelegate.swift in Sources */,
				8D2F3ECE27EE872E0050B5C8 /* FeedViewController.swift in Sources */,
				8D2F3E9E27EE750D0050B5C8 /* SceneDelegate.swift in Sources */,
				8D2F3ED227F1530A0050B5C8 /* PostCell.swift in Sources */,
				8DB8479D27F50D9300320810 /* CommentCell.swift in Sources */,
			);
			runOnlyForDeploymentPostprocessing = 0;
		};
		8D2F3EAA27EE75100050B5C8 /* Sources */ = {
			isa = PBXSourcesBuildPhase;
			buildActionMask = 2147483647;
			files = (
				8D2F3EB327EE75100050B5C8 /* ParstagramTests.swift in Sources */,
			);
			runOnlyForDeploymentPostprocessing = 0;
		};
		8D2F3EB427EE75100050B5C8 /* Sources */ = {
			isa = PBXSourcesBuildPhase;
			buildActionMask = 2147483647;
			files = (
				8D2F3EBF27EE75100050B5C8 /* ParstagramUITestsLaunchTests.swift in Sources */,
				8D2F3EBD27EE75100050B5C8 /* ParstagramUITests.swift in Sources */,
			);
			runOnlyForDeploymentPostprocessing = 0;
		};
/* End PBXSourcesBuildPhase section */

/* Begin PBXTargetDependency section */
		8D2F3EB027EE75100050B5C8 /* PBXTargetDependency */ = {
			isa = PBXTargetDependency;
			target = 8D2F3E9727EE750D0050B5C8 /* Parstagram */;
			targetProxy = 8D2F3EAF27EE75100050B5C8 /* PBXContainerItemProxy */;
		};
		8D2F3EBA27EE75100050B5C8 /* PBXTargetDependency */ = {
			isa = PBXTargetDependency;
			target = 8D2F3E9727EE750D0050B5C8 /* Parstagram */;
			targetProxy = 8D2F3EB927EE75100050B5C8 /* PBXContainerItemProxy */;
		};
/* End PBXTargetDependency section */

/* Begin PBXVariantGroup section */
		8D2F3EA127EE750D0050B5C8 /* Main.storyboard */ = {
			isa = PBXVariantGroup;
			children = (
				8D2F3EA227EE750D0050B5C8 /* Base */,
			);
			name = Main.storyboard;
			sourceTree = "<group>";
		};
		8D2F3EA627EE750F0050B5C8 /* LaunchScreen.storyboard */ = {
			isa = PBXVariantGroup;
			children = (
				8D2F3EA727EE750F0050B5C8 /* Base */,
			);
			name = LaunchScreen.storyboard;
			sourceTree = "<group>";
		};
/* End PBXVariantGroup section */

/* Begin XCBuildConfiguration section */
		8D2F3EC027EE75100050B5C8 /* Debug */ = {
			isa = XCBuildConfiguration;
			buildSettings = {
				ALWAYS_SEARCH_USER_PATHS = NO;
				CLANG_ANALYZER_NONNULL = YES;
				CLANG_ANALYZER_NUMBER_OBJECT_CONVERSION = YES_AGGRESSIVE;
				CLANG_CXX_LANGUAGE_STANDARD = "gnu++17";
				CLANG_CXX_LIBRARY = "libc++";
				CLANG_ENABLE_MODULES = YES;
				CLANG_ENABLE_OBJC_ARC = YES;
				CLANG_ENABLE_OBJC_WEAK = YES;
				CLANG_WARN_BLOCK_CAPTURE_AUTORELEASING = YES;
				CLANG_WARN_BOOL_CONVERSION = YES;
				CLANG_WARN_COMMA = YES;
				CLANG_WARN_CONSTANT_CONVERSION = YES;
				CLANG_WARN_DEPRECATED_OBJC_IMPLEMENTATIONS = YES;
				CLANG_WARN_DIRECT_OBJC_ISA_USAGE = YES_ERROR;
				CLANG_WARN_DOCUMENTATION_COMMENTS = YES;
				CLANG_WARN_EMPTY_BODY = YES;
				CLANG_WARN_ENUM_CONVERSION = YES;
				CLANG_WARN_INFINITE_RECURSION = YES;
				CLANG_WARN_INT_CONVERSION = YES;
				CLANG_WARN_NON_LITERAL_NULL_CONVERSION = YES;
				CLANG_WARN_OBJC_IMPLICIT_RETAIN_SELF = YES;
				CLANG_WARN_OBJC_LITERAL_CONVERSION = YES;
				CLANG_WARN_OBJC_ROOT_CLASS = YES_ERROR;
				CLANG_WARN_QUOTED_INCLUDE_IN_FRAMEWORK_HEADER = YES;
				CLANG_WARN_RANGE_LOOP_ANALYSIS = YES;
				CLANG_WARN_STRICT_PROTOTYPES = YES;
				CLANG_WARN_SUSPICIOUS_MOVE = YES;
				CLANG_WARN_UNGUARDED_AVAILABILITY = YES_AGGRESSIVE;
				CLANG_WARN_UNREACHABLE_CODE = YES;
				CLANG_WARN__DUPLICATE_METHOD_MATCH = YES;
				COPY_PHASE_STRIP = NO;
				DEBUG_INFORMATION_FORMAT = dwarf;
				ENABLE_STRICT_OBJC_MSGSEND = YES;
				ENABLE_TESTABILITY = YES;
				GCC_C_LANGUAGE_STANDARD = gnu11;
				GCC_DYNAMIC_NO_PIC = NO;
				GCC_NO_COMMON_BLOCKS = YES;
				GCC_OPTIMIZATION_LEVEL = 0;
				GCC_PREPROCESSOR_DEFINITIONS = (
					"DEBUG=1",
					"$(inherited)",
				);
				GCC_WARN_64_TO_32_BIT_CONVERSION = YES;
				GCC_WARN_ABOUT_RETURN_TYPE = YES_ERROR;
				GCC_WARN_UNDECLARED_SELECTOR = YES;
				GCC_WARN_UNINITIALIZED_AUTOS = YES_AGGRESSIVE;
				GCC_WARN_UNUSED_FUNCTION = YES;
				GCC_WARN_UNUSED_VARIABLE = YES;
				IPHONEOS_DEPLOYMENT_TARGET = 15.2;
				MTL_ENABLE_DEBUG_INFO = INCLUDE_SOURCE;
				MTL_FAST_MATH = YES;
				ONLY_ACTIVE_ARCH = YES;
				SDKROOT = iphoneos;
				SWIFT_ACTIVE_COMPILATION_CONDITIONS = DEBUG;
				SWIFT_OPTIMIZATION_LEVEL = "-Onone";
			};
			name = Debug;
		};
		8D2F3EC127EE75100050B5C8 /* Release */ = {
			isa = XCBuildConfiguration;
			buildSettings = {
				ALWAYS_SEARCH_USER_PATHS = NO;
				CLANG_ANALYZER_NONNULL = YES;
				CLANG_ANALYZER_NUMBER_OBJECT_CONVERSION = YES_AGGRESSIVE;
				CLANG_CXX_LANGUAGE_STANDARD = "gnu++17";
				CLANG_CXX_LIBRARY = "libc++";
				CLANG_ENABLE_MODULES = YES;
				CLANG_ENABLE_OBJC_ARC = YES;
				CLANG_ENABLE_OBJC_WEAK = YES;
				CLANG_WARN_BLOCK_CAPTURE_AUTORELEASING = YES;
				CLANG_WARN_BOOL_CONVERSION = YES;
				CLANG_WARN_COMMA = YES;
				CLANG_WARN_CONSTANT_CONVERSION = YES;
				CLANG_WARN_DEPRECATED_OBJC_IMPLEMENTATIONS = YES;
				CLANG_WARN_DIRECT_OBJC_ISA_USAGE = YES_ERROR;
				CLANG_WARN_DOCUMENTATION_COMMENTS = YES;
				CLANG_WARN_EMPTY_BODY = YES;
				CLANG_WARN_ENUM_CONVERSION = YES;
				CLANG_WARN_INFINITE_RECURSION = YES;
				CLANG_WARN_INT_CONVERSION = YES;
				CLANG_WARN_NON_LITERAL_NULL_CONVERSION = YES;
				CLANG_WARN_OBJC_IMPLICIT_RETAIN_SELF = YES;
				CLANG_WARN_OBJC_LITERAL_CONVERSION = YES;
				CLANG_WARN_OBJC_ROOT_CLASS = YES_ERROR;
				CLANG_WARN_QUOTED_INCLUDE_IN_FRAMEWORK_HEADER = YES;
				CLANG_WARN_RANGE_LOOP_ANALYSIS = YES;
				CLANG_WARN_STRICT_PROTOTYPES = YES;
				CLANG_WARN_SUSPICIOUS_MOVE = YES;
				CLANG_WARN_UNGUARDED_AVAILABILITY = YES_AGGRESSIVE;
				CLANG_WARN_UNREACHABLE_CODE = YES;
				CLANG_WARN__DUPLICATE_METHOD_MATCH = YES;
				COPY_PHASE_STRIP = NO;
				DEBUG_INFORMATION_FORMAT = "dwarf-with-dsym";
				ENABLE_NS_ASSERTIONS = NO;
				ENABLE_STRICT_OBJC_MSGSEND = YES;
				GCC_C_LANGUAGE_STANDARD = gnu11;
				GCC_NO_COMMON_BLOCKS = YES;
				GCC_WARN_64_TO_32_BIT_CONVERSION = YES;
				GCC_WARN_ABOUT_RETURN_TYPE = YES_ERROR;
				GCC_WARN_UNDECLARED_SELECTOR = YES;
				GCC_WARN_UNINITIALIZED_AUTOS = YES_AGGRESSIVE;
				GCC_WARN_UNUSED_FUNCTION = YES;
				GCC_WARN_UNUSED_VARIABLE = YES;
				IPHONEOS_DEPLOYMENT_TARGET = 15.2;
				MTL_ENABLE_DEBUG_INFO = NO;
				MTL_FAST_MATH = YES;
				SDKROOT = iphoneos;
				SWIFT_COMPILATION_MODE = wholemodule;
				SWIFT_OPTIMIZATION_LEVEL = "-O";
				VALIDATE_PRODUCT = YES;
			};
			name = Release;
		};
		8D2F3EC327EE75100050B5C8 /* Debug */ = {
			isa = XCBuildConfiguration;
			baseConfigurationReference = D9247C937879A64B5BF9ADE5 /* Pods-Parstagram.debug.xcconfig */;
			buildSettings = {
				ASSETCATALOG_COMPILER_APPICON_NAME = AppIcon;
				ASSETCATALOG_COMPILER_GLOBAL_ACCENT_COLOR_NAME = AccentColor;
				CODE_SIGN_STYLE = Automatic;
				CURRENT_PROJECT_VERSION = 1;
				GENERATE_INFOPLIST_FILE = YES;
				INFOPLIST_FILE = Parstagram/Info.plist;
				INFOPLIST_KEY_UIApplicationSupportsIndirectInputEvents = YES;
				INFOPLIST_KEY_UILaunchStoryboardName = LaunchScreen;
				INFOPLIST_KEY_UIMainStoryboardFile = Main;
				INFOPLIST_KEY_UISupportedInterfaceOrientations_iPad = "UIInterfaceOrientationPortrait UIInterfaceOrientationPortraitUpsideDown UIInterfaceOrientationLandscapeLeft UIInterfaceOrientationLandscapeRight";
				INFOPLIST_KEY_UISupportedInterfaceOrientations_iPhone = "UIInterfaceOrientationPortrait UIInterfaceOrientationLandscapeLeft UIInterfaceOrientationLandscapeRight";
				LD_RUNPATH_SEARCH_PATHS = (
					"$(inherited)",
					"@executable_path/Frameworks",
				);
				MARKETING_VERSION = 1.0;
				PRODUCT_BUNDLE_IDENTIFIER = com.CodePath.homework.Parstagram;
				PRODUCT_NAME = "$(TARGET_NAME)";
				SWIFT_EMIT_LOC_STRINGS = YES;
				SWIFT_VERSION = 5.0;
				TARGETED_DEVICE_FAMILY = "1,2";
			};
			name = Debug;
		};
		8D2F3EC427EE75100050B5C8 /* Release */ = {
			isa = XCBuildConfiguration;
			baseConfigurationReference = 461C7F65690131BB4BB88157 /* Pods-Parstagram.release.xcconfig */;
			buildSettings = {
				ASSETCATALOG_COMPILER_APPICON_NAME = AppIcon;
				ASSETCATALOG_COMPILER_GLOBAL_ACCENT_COLOR_NAME = AccentColor;
				CODE_SIGN_STYLE = Automatic;
				CURRENT_PROJECT_VERSION = 1;
				GENERATE_INFOPLIST_FILE = YES;
				INFOPLIST_FILE = Parstagram/Info.plist;
				INFOPLIST_KEY_UIApplicationSupportsIndirectInputEvents = YES;
				INFOPLIST_KEY_UILaunchStoryboardName = LaunchScreen;
				INFOPLIST_KEY_UIMainStoryboardFile = Main;
				INFOPLIST_KEY_UISupportedInterfaceOrientations_iPad = "UIInterfaceOrientationPortrait UIInterfaceOrientationPortraitUpsideDown UIInterfaceOrientationLandscapeLeft UIInterfaceOrientationLandscapeRight";
				INFOPLIST_KEY_UISupportedInterfaceOrientations_iPhone = "UIInterfaceOrientationPortrait UIInterfaceOrientationLandscapeLeft UIInterfaceOrientationLandscapeRight";
				LD_RUNPATH_SEARCH_PATHS = (
					"$(inherited)",
					"@executable_path/Frameworks",
				);
				MARKETING_VERSION = 1.0;
				PRODUCT_BUNDLE_IDENTIFIER = com.CodePath.homework.Parstagram;
				PRODUCT_NAME = "$(TARGET_NAME)";
				SWIFT_EMIT_LOC_STRINGS = YES;
				SWIFT_VERSION = 5.0;
				TARGETED_DEVICE_FAMILY = "1,2";
			};
			name = Release;
		};
		8D2F3EC627EE75100050B5C8 /* Debug */ = {
			isa = XCBuildConfiguration;
			baseConfigurationReference = FF6ED44925C15D93606E3E16 /* Pods-ParstagramTests.debug.xcconfig */;
			buildSettings = {
				ALWAYS_EMBED_SWIFT_STANDARD_LIBRARIES = YES;
				BUNDLE_LOADER = "$(TEST_HOST)";
				CODE_SIGN_STYLE = Automatic;
				CURRENT_PROJECT_VERSION = 1;
				GENERATE_INFOPLIST_FILE = YES;
				IPHONEOS_DEPLOYMENT_TARGET = 15.2;
				MARKETING_VERSION = 1.0;
				PRODUCT_BUNDLE_IDENTIFIER = com.CodePath.homework.ParstagramTests;
				PRODUCT_NAME = "$(TARGET_NAME)";
				SWIFT_EMIT_LOC_STRINGS = NO;
				SWIFT_VERSION = 5.0;
				TARGETED_DEVICE_FAMILY = "1,2";
				TEST_HOST = "$(BUILT_PRODUCTS_DIR)/Parstagram.app/Parstagram";
			};
			name = Debug;
		};
		8D2F3EC727EE75100050B5C8 /* Release */ = {
			isa = XCBuildConfiguration;
			baseConfigurationReference = EFA3CE38533414FAC8886EDA /* Pods-ParstagramTests.release.xcconfig */;
			buildSettings = {
				ALWAYS_EMBED_SWIFT_STANDARD_LIBRARIES = YES;
				BUNDLE_LOADER = "$(TEST_HOST)";
				CODE_SIGN_STYLE = Automatic;
				CURRENT_PROJECT_VERSION = 1;
				GENERATE_INFOPLIST_FILE = YES;
				IPHONEOS_DEPLOYMENT_TARGET = 15.2;
				MARKETING_VERSION = 1.0;
				PRODUCT_BUNDLE_IDENTIFIER = com.CodePath.homework.ParstagramTests;
				PRODUCT_NAME = "$(TARGET_NAME)";
				SWIFT_EMIT_LOC_STRINGS = NO;
				SWIFT_VERSION = 5.0;
				TARGETED_DEVICE_FAMILY = "1,2";
				TEST_HOST = "$(BUILT_PRODUCTS_DIR)/Parstagram.app/Parstagram";
			};
			name = Release;
		};
		8D2F3EC927EE75100050B5C8 /* Debug */ = {
			isa = XCBuildConfiguration;
			baseConfigurationReference = 44952C2E64A6347FA738B763 /* Pods-Parstagram-ParstagramUITests.debug.xcconfig */;
			buildSettings = {
				ALWAYS_EMBED_SWIFT_STANDARD_LIBRARIES = YES;
				CODE_SIGN_STYLE = Automatic;
				CURRENT_PROJECT_VERSION = 1;
				GENERATE_INFOPLIST_FILE = YES;
				MARKETING_VERSION = 1.0;
				PRODUCT_BUNDLE_IDENTIFIER = com.CodePath.homework.ParstagramUITests;
				PRODUCT_NAME = "$(TARGET_NAME)";
				SWIFT_EMIT_LOC_STRINGS = NO;
				SWIFT_VERSION = 5.0;
				TARGETED_DEVICE_FAMILY = "1,2";
				TEST_TARGET_NAME = Parstagram;
			};
			name = Debug;
		};
		8D2F3ECA27EE75100050B5C8 /* Release */ = {
			isa = XCBuildConfiguration;
			baseConfigurationReference = 3D7C3DFC36766D3186365A2A /* Pods-Parstagram-ParstagramUITests.release.xcconfig */;
			buildSettings = {
				ALWAYS_EMBED_SWIFT_STANDARD_LIBRARIES = YES;
				CODE_SIGN_STYLE = Automatic;
				CURRENT_PROJECT_VERSION = 1;
				GENERATE_INFOPLIST_FILE = YES;
				MARKETING_VERSION = 1.0;
				PRODUCT_BUNDLE_IDENTIFIER = com.CodePath.homework.ParstagramUITests;
				PRODUCT_NAME = "$(TARGET_NAME)";
				SWIFT_EMIT_LOC_STRINGS = NO;
				SWIFT_VERSION = 5.0;
				TARGETED_DEVICE_FAMILY = "1,2";
				TEST_TARGET_NAME = Parstagram;
			};
			name = Release;
		};
/* End XCBuildConfiguration section */

/* Begin XCConfigurationList section */
		8D2F3E9327EE750D0050B5C8 /* Build configuration list for PBXProject "Parstagram" */ = {
			isa = XCConfigurationList;
			buildConfigurations = (
				8D2F3EC027EE75100050B5C8 /* Debug */,
				8D2F3EC127EE75100050B5C8 /* Release */,
			);
			defaultConfigurationIsVisible = 0;
			defaultConfigurationName = Release;
		};
		8D2F3EC227EE75100050B5C8 /* Build configuration list for PBXNativeTarget "Parstagram" */ = {
			isa = XCConfigurationList;
			buildConfigurations = (
				8D2F3EC327EE75100050B5C8 /* Debug */,
				8D2F3EC427EE75100050B5C8 /* Release */,
			);
			defaultConfigurationIsVisible = 0;
			defaultConfigurationName = Release;
		};
		8D2F3EC527EE75100050B5C8 /* Build configuration list for PBXNativeTarget "ParstagramTests" */ = {
			isa = XCConfigurationList;
			buildConfigurations = (
				8D2F3EC627EE75100050B5C8 /* Debug */,
				8D2F3EC727EE75100050B5C8 /* Release */,
			);
			defaultConfigurationIsVisible = 0;
			defaultConfigurationName = Release;
		};
		8D2F3EC827EE75100050B5C8 /* Build configuration list for PBXNativeTarget "ParstagramUITests" */ = {
			isa = XCConfigurationList;
			buildConfigurations = (
				8D2F3EC927EE75100050B5C8 /* Debug */,
				8D2F3ECA27EE75100050B5C8 /* Release */,
			);
			defaultConfigurationIsVisible = 0;
			defaultConfigurationName = Release;
		};
/* End XCConfigurationList section */
	};
	rootObject = 8D2F3E9027EE750D0050B5C8 /* Project object */;
}
